
Microsoft Visual Studio Solution File, Format Version 12.00
Project("{2150E333-8FDC-42A3-9474-1A3956D46DE8}") = "src", "src", "{827E0CD3-B72D-47B6-A68D-7590B98EB39B}"
EndProject
Project("{FAE04EC0-301F-11D3-BF4B-00C04F79EFBC}") = "Api.Core", "src\Api.Core\Api.Core.csproj", "{D1BF5098-1EA1-4791-9B37-B07EDF478EA5}"
EndProject
Project("{FAE04EC0-301F-11D3-BF4B-00C04F79EFBC}") = "Api.UseCases", "src\Api.UseCases\Api.UseCases.csproj", "{BD24C6A9-30FA-4578-B081-A66583A76309}"
EndProject
Project("{FAE04EC0-301F-11D3-BF4B-00C04F79EFBC}") = "Api.Infrastructure", "src\Api.Infrastructure\Api.Infrastructure.csproj", "{792959F1-7242-4020-A234-676DDD246E62}"
EndProject
Project("{FAE04EC0-301F-11D3-BF4B-00C04F79EFBC}") = "Api.Web", "src\Api.Web\Api.Web.csproj", "{9394E308-B9A3-4D24-8FF5-510A1A80776E}"
EndProject
Global
	GlobalSection(SolutionConfigurationPlatforms) = preSolution
		Debug|Any CPU = Debug|Any CPU
		Debug|x64 = Debug|x64
		Debug|x86 = Debug|x86
		Release|Any CPU = Release|Any CPU
		Release|x64 = Release|x64
		Release|x86 = Release|x86
	EndGlobalSection
	GlobalSection(ProjectConfigurationPlatforms) = postSolution
		{D1BF5098-1EA1-4791-9B37-B07EDF478EA5}.Debug|Any CPU.ActiveCfg = Debug|Any CPU
		{D1BF5098-1EA1-4791-9B37-B07EDF478EA5}.Debug|Any CPU.Build.0 = Debug|Any CPU
		{D1BF5098-1EA1-4791-9B37-B07EDF478EA5}.Debug|x64.ActiveCfg = Debug|Any CPU
		{D1BF5098-1EA1-4791-9B37-B07EDF478EA5}.Debug|x64.Build.0 = Debug|Any CPU
		{D1BF5098-1EA1-4791-9B37-B07EDF478EA5}.Debug|x86.ActiveCfg = Debug|Any CPU
		{D1BF5098-1EA1-4791-9B37-B07EDF478EA5}.Debug|x86.Build.0 = Debug|Any CPU
		{D1BF5098-1EA1-4791-9B37-B07EDF478EA5}.Release|Any CPU.ActiveCfg = Release|Any CPU
		{D1BF5098-1EA1-4791-9B37-B07EDF478EA5}.Release|Any CPU.Build.0 = Release|Any CPU
		{D1BF5098-1EA1-4791-9B37-B07EDF478EA5}.Release|x64.ActiveCfg = Release|Any CPU
		{D1BF5098-1EA1-4791-9B37-B07EDF478EA5}.Release|x64.Build.0 = Release|Any CPU
		{D1BF5098-1EA1-4791-9B37-B07EDF478EA5}.Release|x86.ActiveCfg = Release|Any CPU
		{D1BF5098-1EA1-4791-9B37-B07EDF478EA5}.Release|x86.Build.0 = Release|Any CPU
		{BD24C6A9-30FA-4578-B081-A66583A76309}.Debug|Any CPU.ActiveCfg = Debug|Any CPU
		{BD24C6A9-30FA-4578-B081-A66583A76309}.Debug|Any CPU.Build.0 = Debug|Any CPU
		{BD24C6A9-30FA-4578-B081-A66583A76309}.Debug|x64.ActiveCfg = Debug|Any CPU
		{BD24C6A9-30FA-4578-B081-A66583A76309}.Debug|x64.Build.0 = Debug|Any CPU
		{BD24C6A9-30FA-4578-B081-A66583A76309}.Debug|x86.ActiveCfg = Debug|Any CPU
		{BD24C6A9-30FA-4578-B081-A66583A76309}.Debug|x86.Build.0 = Debug|Any CPU
		{BD24C6A9-30FA-4578-B081-A66583A76309}.Release|Any CPU.ActiveCfg = Release|Any CPU
		{BD24C6A9-30FA-4578-B081-A66583A76309}.Release|Any CPU.Build.0 = Release|Any CPU
		{BD24C6A9-30FA-4578-B081-A66583A76309}.Release|x64.ActiveCfg = Release|Any CPU
		{BD24C6A9-30FA-4578-B081-A66583A76309}.Release|x64.Build.0 = Release|Any CPU
		{BD24C6A9-30FA-4578-B081-A66583A76309}.Release|x86.ActiveCfg = Release|Any CPU
		{BD24C6A9-30FA-4578-B081-A66583A76309}.Release|x86.Build.0 = Release|Any CPU
		{792959F1-7242-4020-A234-676DDD246E62}.Debug|Any CPU.ActiveCfg = Debug|Any CPU
		{792959F1-7242-4020-A234-676DDD246E62}.Debug|Any CPU.Build.0 = Debug|Any CPU
		{792959F1-7242-4020-A234-676DDD246E62}.Debug|x64.ActiveCfg = Debug|Any CPU
		{792959F1-7242-4020-A234-676DDD246E62}.Debug|x64.Build.0 = Debug|Any CPU
		{792959F1-7242-4020-A234-676DDD246E62}.Debug|x86.ActiveCfg = Debug|Any CPU
		{792959F1-7242-4020-A234-676DDD246E62}.Debug|x86.Build.0 = Debug|Any CPU
		{792959F1-7242-4020-A234-676DDD246E62}.Release|Any CPU.ActiveCfg = Release|Any CPU
		{792959F1-7242-4020-A234-676DDD246E62}.Release|Any CPU.Build.0 = Release|Any CPU
		{792959F1-7242-4020-A234-676DDD246E62}.Release|x64.ActiveCfg = Release|Any CPU
		{792959F1-7242-4020-A234-676DDD246E62}.Release|x64.Build.0 = Release|Any CPU
		{792959F1-7242-4020-A234-676DDD246E62}.Release|x86.ActiveCfg = Release|Any CPU
		{792959F1-7242-4020-A234-676DDD246E62}.Release|x86.Build.0 = Release|Any CPU
		{9394E308-B9A3-4D24-8FF5-510A1A80776E}.Debug|Any CPU.ActiveCfg = Debug|Any CPU
		{9394E308-B9A3-4D24-8FF5-510A1A80776E}.Debug|Any CPU.Build.0 = Debug|Any CPU
		{9394E308-B9A3-4D24-8FF5-510A1A80776E}.Debug|x64.ActiveCfg = Debug|Any CPU
		{9394E308-B9A3-4D24-8FF5-510A1A80776E}.Debug|x64.Build.0 = Debug|Any CPU
		{9394E308-B9A3-4D24-8FF5-510A1A80776E}.Debug|x86.ActiveCfg = Debug|Any CPU
		{9394E308-B9A3-4D24-8FF5-510A1A80776E}.Debug|x86.Build.0 = Debug|Any CPU
		{9394E308-B9A3-4D24-8FF5-510A1A80776E}.Release|Any CPU.ActiveCfg = Release|Any CPU
		{9394E308-B9A3-4D24-8FF5-510A1A80776E}.Release|Any CPU.Build.0 = Release|Any CPU
		{9394E308-B9A3-4D24-8FF5-510A1A80776E}.Release|x64.ActiveCfg = Release|Any CPU
		{9394E308-B9A3-4D24-8FF5-510A1A80776E}.Release|x64.Build.0 = Release|Any CPU
		{9394E308-B9A3-4D24-8FF5-510A1A80776E}.Release|x86.ActiveCfg = Release|Any CPU
		{9394E308-B9A3-4D24-8FF5-510A1A80776E}.Release|x86.Build.0 = Release|Any CPU
	EndGlobalSection
	GlobalSection(SolutionProperties) = preSolution
		HideSolutionNode = FALSE
	EndGlobalSection
	GlobalSection(NestedProjects) = preSolution
		{D1BF5098-1EA1-4791-9B37-B07EDF478EA5} = {827E0CD3-B72D-47B6-A68D-7590B98EB39B}
		{BD24C6A9-30FA-4578-B081-A66583A76309} = {827E0CD3-B72D-47B6-A68D-7590B98EB39B}
		{792959F1-7242-4020-A234-676DDD246E62} = {827E0CD3-B72D-47B6-A68D-7590B98EB39B}
		{9394E308-B9A3-4D24-8FF5-510A1A80776E} = {827E0CD3-B72D-47B6-A68D-7590B98EB39B}
	EndGlobalSection
EndGlobal
