
Microsoft Visual Studio Solution File, Format Version 12.00
Project("{FAE04EC0-301F-11D3-BF4B-00C04F79EFBC}") = "api", "api.csproj", "{4E0B2F98-640B-4ACC-BA6E-6CBE3E34C6A5}"
EndProject
Global
	GlobalSection(SolutionConfigurationPlatforms) = preSolution
		Debug|Any CPU = Debug|Any CPU
		Release|Any CPU = Release|Any CPU
	EndGlobalSection
	GlobalSection(ProjectConfigurationPlatforms) = postSolution
		{4E0B2F98-640B-4ACC-BA6E-6CBE3E34C6A5}.Debug|Any CPU.ActiveCfg = Debug|Any CPU
		{4E0B2F98-640B-4ACC-BA6E-6CBE3E34C6A5}.Debug|Any CPU.Build.0 = Debug|Any CPU
		{4E0B2F98-640B-4ACC-BA6E-6CBE3E34C6A5}.Release|Any CPU.ActiveCfg = Release|Any CPU
		{4E0B2F98-640B-4ACC-BA6E-6CBE3E34C6A5}.Release|Any CPU.Build.0 = Release|Any CPU
	EndGlobalSection
EndGlobal
